// !$*UTF8*$!
{
	archiveVersion = 1;
	classes = {
	};
	objectVersion = 56;
	objects = {

/* Begin PBXBuildFile section */
		4F21D2F22ADA3A3A006D4517 /* DetailImageViewController.swift in Sources */ = {isa = PBXBuildFile; fileRef = 4F21D2F02ADA3A3A006D4517 /* DetailImageViewController.swift */; };
		4F21D2F32ADA3A3A006D4517 /* DetailImageViewController.xib in Resources */ = {isa = PBXBuildFile; fileRef = 4F21D2F12ADA3A3A006D4517 /* DetailImageViewController.xib */; };
		4F21D2F62ADA3AE8006D4517 /* ImageViewLargeCollectionViewCell.swift in Sources */ = {isa = PBXBuildFile; fileRef = 4F21D2F42ADA3AE8006D4517 /* ImageViewLargeCollectionViewCell.swift */; };
		4F21D2F72ADA3AE8006D4517 /* ImageViewLargeCollectionViewCell.xib in Resources */ = {isa = PBXBuildFile; fileRef = 4F21D2F52ADA3AE8006D4517 /* ImageViewLargeCollectionViewCell.xib */; };
		4F21D2FA2ADA46D5006D4517 /* ImageViewSmallCollectionViewCell.swift in Sources */ = {isa = PBXBuildFile; fileRef = 4F21D2F82ADA46D5006D4517 /* ImageViewSmallCollectionViewCell.swift */; };
		4F21D2FB2ADA46D5006D4517 /* ImageViewSmallCollectionViewCell.xib in Resources */ = {isa = PBXBuildFile; fileRef = 4F21D2F92ADA46D5006D4517 /* ImageViewSmallCollectionViewCell.xib */; };
		9A4B17772ADA3FE20018D142 /* LibPhotoCollectionViewCell.xib in Resources */ = {isa = PBXBuildFile; fileRef = 9A4B17712ADA3FE20018D142 /* LibPhotoCollectionViewCell.xib */; };
		9A4B17782ADA3FE20018D142 /* LibPhotoCollectionViewCell.swift in Sources */ = {isa = PBXBuildFile; fileRef = 9A4B17722ADA3FE20018D142 /* LibPhotoCollectionViewCell.swift */; };
		9A4B17792ADA3FE20018D142 /* OptionAddPhotoPopup.xib in Resources */ = {isa = PBXBuildFile; fileRef = 9A4B17732ADA3FE20018D142 /* OptionAddPhotoPopup.xib */; };
		9A4B177A2ADA3FE20018D142 /* OptionAddPhotoPopup.swift in Sources */ = {isa = PBXBuildFile; fileRef = 9A4B17742ADA3FE20018D142 /* OptionAddPhotoPopup.swift */; };
		9A4B177F2ADA5C750018D142 /* UIColor + Extension.swift in Sources */ = {isa = PBXBuildFile; fileRef = 9A4B177D2ADA5C740018D142 /* UIColor + Extension.swift */; };
		9A4B17802ADA5C750018D142 /* TableView + Extension.swift in Sources */ = {isa = PBXBuildFile; fileRef = 9A4B177E2ADA5C740018D142 /* TableView + Extension.swift */; };
		9AD25D6E2AD84A4F00AE6199 /* AppDelegate.swift in Sources */ = {isa = PBXBuildFile; fileRef = 9AD25D6D2AD84A4F00AE6199 /* AppDelegate.swift */; };
		9AD25D702AD84A4F00AE6199 /* SceneDelegate.swift in Sources */ = {isa = PBXBuildFile; fileRef = 9AD25D6F2AD84A4F00AE6199 /* SceneDelegate.swift */; };
		9AD25D722AD84A4F00AE6199 /* ViewController.swift in Sources */ = {isa = PBXBuildFile; fileRef = 9AD25D712AD84A4F00AE6199 /* ViewController.swift */; };
		9AD25D752AD84A4F00AE6199 /* Main.storyboard in Resources */ = {isa = PBXBuildFile; fileRef = 9AD25D732AD84A4F00AE6199 /* Main.storyboard */; };
		9AD25D772AD84A5100AE6199 /* Assets.xcassets in Resources */ = {isa = PBXBuildFile; fileRef = 9AD25D762AD84A5100AE6199 /* Assets.xcassets */; };
		9AD25D7A2AD84A5100AE6199 /* LaunchScreen.storyboard in Resources */ = {isa = PBXBuildFile; fileRef = 9AD25D782AD84A5100AE6199 /* LaunchScreen.storyboard */; };
/* End PBXBuildFile section */

/* Begin PBXFileReference section */
		4F21D2F02ADA3A3A006D4517 /* DetailImageViewController.swift */ = {isa = PBXFileReference; lastKnownFileType = sourcecode.swift; path = DetailImageViewController.swift; sourceTree = "<group>"; };
		4F21D2F12ADA3A3A006D4517 /* DetailImageViewController.xib */ = {isa = PBXFileReference; lastKnownFileType = file.xib; path = DetailImageViewController.xib; sourceTree = "<group>"; };
		4F21D2F42ADA3AE8006D4517 /* ImageViewLargeCollectionViewCell.swift */ = {isa = PBXFileReference; lastKnownFileType = sourcecode.swift; path = ImageViewLargeCollectionViewCell.swift; sourceTree = "<group>"; };
		4F21D2F52ADA3AE8006D4517 /* ImageViewLargeCollectionViewCell.xib */ = {isa = PBXFileReference; lastKnownFileType = file.xib; path = ImageViewLargeCollectionViewCell.xib; sourceTree = "<group>"; };
		4F21D2F82ADA46D5006D4517 /* ImageViewSmallCollectionViewCell.swift */ = {isa = PBXFileReference; lastKnownFileType = sourcecode.swift; path = ImageViewSmallCollectionViewCell.swift; sourceTree = "<group>"; };
		4F21D2F92ADA46D5006D4517 /* ImageViewSmallCollectionViewCell.xib */ = {isa = PBXFileReference; lastKnownFileType = file.xib; path = ImageViewSmallCollectionViewCell.xib; sourceTree = "<group>"; };
		9A4B17712ADA3FE20018D142 /* LibPhotoCollectionViewCell.xib */ = {isa = PBXFileReference; fileEncoding = 4; lastKnownFileType = file.xib; path = LibPhotoCollectionViewCell.xib; sourceTree = "<group>"; };
		9A4B17722ADA3FE20018D142 /* LibPhotoCollectionViewCell.swift */ = {isa = PBXFileReference; fileEncoding = 4; lastKnownFileType = sourcecode.swift; path = LibPhotoCollectionViewCell.swift; sourceTree = "<group>"; };
		9A4B17732ADA3FE20018D142 /* OptionAddPhotoPopup.xib */ = {isa = PBXFileReference; fileEncoding = 4; lastKnownFileType = file.xib; path = OptionAddPhotoPopup.xib; sourceTree = "<group>"; };
		9A4B17742ADA3FE20018D142 /* OptionAddPhotoPopup.swift */ = {isa = PBXFileReference; fileEncoding = 4; lastKnownFileType = sourcecode.swift; path = OptionAddPhotoPopup.swift; sourceTree = "<group>"; };
		9A4B177D2ADA5C740018D142 /* UIColor + Extension.swift */ = {isa = PBXFileReference; fileEncoding = 4; lastKnownFileType = sourcecode.swift; path = "UIColor + Extension.swift"; sourceTree = "<group>"; };
		9A4B177E2ADA5C740018D142 /* TableView + Extension.swift */ = {isa = PBXFileReference; fileEncoding = 4; lastKnownFileType = sourcecode.swift; path = "TableView + Extension.swift"; sourceTree = "<group>"; };
		9AD25D6A2AD84A4F00AE6199 /* HackathonVnpay.app */ = {isa = PBXFileReference; explicitFileType = wrapper.application; includeInIndex = 0; path = HackathonVnpay.app; sourceTree = BUILT_PRODUCTS_DIR; };
		9AD25D6D2AD84A4F00AE6199 /* AppDelegate.swift */ = {isa = PBXFileReference; lastKnownFileType = sourcecode.swift; path = AppDelegate.swift; sourceTree = "<group>"; };
		9AD25D6F2AD84A4F00AE6199 /* SceneDelegate.swift */ = {isa = PBXFileReference; lastKnownFileType = sourcecode.swift; path = SceneDelegate.swift; sourceTree = "<group>"; };
		9AD25D712AD84A4F00AE6199 /* ViewController.swift */ = {isa = PBXFileReference; lastKnownFileType = sourcecode.swift; path = ViewController.swift; sourceTree = "<group>"; };
		9AD25D742AD84A4F00AE6199 /* Base */ = {isa = PBXFileReference; lastKnownFileType = file.storyboard; name = Base; path = Base.lproj/Main.storyboard; sourceTree = "<group>"; };
		9AD25D762AD84A5100AE6199 /* Assets.xcassets */ = {isa = PBXFileReference; lastKnownFileType = folder.assetcatalog; path = Assets.xcassets; sourceTree = "<group>"; };
		9AD25D792AD84A5100AE6199 /* Base */ = {isa = PBXFileReference; lastKnownFileType = file.storyboard; name = Base; path = Base.lproj/LaunchScreen.storyboard; sourceTree = "<group>"; };
		9AD25D7B2AD84A5100AE6199 /* Info.plist */ = {isa = PBXFileReference; lastKnownFileType = text.plist.xml; path = Info.plist; sourceTree = "<group>"; };
/* End PBXFileReference section */

/* Begin PBXFrameworksBuildPhase section */
		9AD25D672AD84A4F00AE6199 /* Frameworks */ = {
			isa = PBXFrameworksBuildPhase;
			buildActionMask = 2147483647;
			files = (
			);
			runOnlyForDeploymentPostprocessing = 0;
		};
/* End PBXFrameworksBuildPhase section */

/* Begin PBXGroup section */
		4F21D2FC2ADA5AC9006D4517 /* DetailImage */ = {
			isa = PBXGroup;
			children = (
				4F21D2FD2ADA5ADB006D4517 /* Cell */,
				4F21D2F02ADA3A3A006D4517 /* DetailImageViewController.swift */,
				4F21D2F12ADA3A3A006D4517 /* DetailImageViewController.xib */,
			);
			path = DetailImage;
			sourceTree = "<group>";
		};
		4F21D2FD2ADA5ADB006D4517 /* Cell */ = {
			isa = PBXGroup;
			children = (
				4F21D2F42ADA3AE8006D4517 /* ImageViewLargeCollectionViewCell.swift */,
				4F21D2F52ADA3AE8006D4517 /* ImageViewLargeCollectionViewCell.xib */,
				4F21D2F82ADA46D5006D4517 /* ImageViewSmallCollectionViewCell.swift */,
				4F21D2F92ADA46D5006D4517 /* ImageViewSmallCollectionViewCell.xib */,
			);
			path = Cell;
			sourceTree = "<group>";
		};
		9A4B17702ADA3FE20018D142 /* PopupShowPhoto */ = {
			isa = PBXGroup;
			children = (
				9A4B17712ADA3FE20018D142 /* LibPhotoCollectionViewCell.xib */,
				9A4B17722ADA3FE20018D142 /* LibPhotoCollectionViewCell.swift */,
				9A4B17732ADA3FE20018D142 /* OptionAddPhotoPopup.xib */,
				9A4B17742ADA3FE20018D142 /* OptionAddPhotoPopup.swift */,
			);
			path = PopupShowPhoto;
			sourceTree = "<group>";
		};
		9A4B177B2ADA5BE90018D142 /* Recovered References */ = {
			isa = PBXGroup;
			children = (
			);
			name = "Recovered References";
			sourceTree = "<group>";
		};
		9A4B177C2ADA5C740018D142 /* Extension */ = {
			isa = PBXGroup;
			children = (
				9A4B177D2ADA5C740018D142 /* UIColor + Extension.swift */,
				9A4B177E2ADA5C740018D142 /* TableView + Extension.swift */,
			);
			path = Extension;
			sourceTree = "<group>";
		};
		9AD25D612AD84A4F00AE6199 = {
			isa = PBXGroup;
			children = (
				9AD25D6C2AD84A4F00AE6199 /* HackathonVnpay */,
				9AD25D6B2AD84A4F00AE6199 /* Products */,
				9A4B177B2ADA5BE90018D142 /* Recovered References */,
			);
			sourceTree = "<group>";
		};
		9AD25D6B2AD84A4F00AE6199 /* Products */ = {
			isa = PBXGroup;
			children = (
				9AD25D6A2AD84A4F00AE6199 /* HackathonVnpay.app */,
			);
			name = Products;
			sourceTree = "<group>";
		};
		9AD25D6C2AD84A4F00AE6199 /* HackathonVnpay */ = {
			isa = PBXGroup;
			children = (
				9A4B177C2ADA5C740018D142 /* Extension */,
				9A4B17702ADA3FE20018D142 /* PopupShowPhoto */,
				4F21D2FC2ADA5AC9006D4517 /* DetailImage */,
				9AD25D6D2AD84A4F00AE6199 /* AppDelegate.swift */,
				9AD25D6F2AD84A4F00AE6199 /* SceneDelegate.swift */,
				9AD25D712AD84A4F00AE6199 /* ViewController.swift */,
				9AD25D732AD84A4F00AE6199 /* Main.storyboard */,
				9AD25D762AD84A5100AE6199 /* Assets.xcassets */,
				9AD25D782AD84A5100AE6199 /* LaunchScreen.storyboard */,
				9AD25D7B2AD84A5100AE6199 /* Info.plist */,
			);
			path = HackathonVnpay;
			sourceTree = "<group>";
		};
/* End PBXGroup section */

/* Begin PBXNativeTarget section */
		9AD25D692AD84A4F00AE6199 /* HackathonVnpay */ = {
			isa = PBXNativeTarget;
			buildConfigurationList = 9AD25D942AD84A5100AE6199 /* Build configuration list for PBXNativeTarget "HackathonVnpay" */;
			buildPhases = (
				9AD25D662AD84A4F00AE6199 /* Sources */,
				9AD25D672AD84A4F00AE6199 /* Frameworks */,
				9AD25D682AD84A4F00AE6199 /* Resources */,
			);
			buildRules = (
			);
			dependencies = (
			);
			name = HackathonVnpay;
			productName = HackathonVnpay;
			productReference = 9AD25D6A2AD84A4F00AE6199 /* HackathonVnpay.app */;
			productType = "com.apple.product-type.application";
		};
/* End PBXNativeTarget section */

/* Begin PBXProject section */
		9AD25D622AD84A4F00AE6199 /* Project object */ = {
			isa = PBXProject;
			attributes = {
				BuildIndependentTargetsInParallel = 1;
				LastSwiftUpdateCheck = 1430;
				LastUpgradeCheck = 1430;
				TargetAttributes = {
					9AD25D692AD84A4F00AE6199 = {
						CreatedOnToolsVersion = 14.3.1;
					};
				};
			};
			buildConfigurationList = 9AD25D652AD84A4F00AE6199 /* Build configuration list for PBXProject "HackathonVnpay" */;
			compatibilityVersion = "Xcode 14.0";
			developmentRegion = en;
			hasScannedForEncodings = 0;
			knownRegions = (
				en,
				Base,
			);
			mainGroup = 9AD25D612AD84A4F00AE6199;
			productRefGroup = 9AD25D6B2AD84A4F00AE6199 /* Products */;
			projectDirPath = "";
			projectRoot = "";
			targets = (
				9AD25D692AD84A4F00AE6199 /* HackathonVnpay */,
			);
		};
/* End PBXProject section */

/* Begin PBXResourcesBuildPhase section */
		9AD25D682AD84A4F00AE6199 /* Resources */ = {
			isa = PBXResourcesBuildPhase;
			buildActionMask = 2147483647;
			files = (
				9A4B17792ADA3FE20018D142 /* OptionAddPhotoPopup.xib in Resources */,
				9AD25D7A2AD84A5100AE6199 /* LaunchScreen.storyboard in Resources */,
				9AD25D772AD84A5100AE6199 /* Assets.xcassets in Resources */,
				9AD25D752AD84A4F00AE6199 /* Main.storyboard in Resources */,
				9A4B17772ADA3FE20018D142 /* LibPhotoCollectionViewCell.xib in Resources */,
				4F21D2FB2ADA46D5006D4517 /* ImageViewSmallCollectionViewCell.xib in Resources */,
				9AD25D7A2AD84A5100AE6199 /* LaunchScreen.storyboard in Resources */,
				9AD25D772AD84A5100AE6199 /* Assets.xcassets in Resources */,
				9AD25D752AD84A4F00AE6199 /* Main.storyboard in Resources */,
				4F21D2F72ADA3AE8006D4517 /* ImageViewLargeCollectionViewCell.xib in Resources */,
				4F21D2F32ADA3A3A006D4517 /* DetailImageViewController.xib in Resources */,
			);
			runOnlyForDeploymentPostprocessing = 0;
		};
/* End PBXResourcesBuildPhase section */

/* Begin PBXSourcesBuildPhase section */
		9AD25D662AD84A4F00AE6199 /* Sources */ = {
			isa = PBXSourcesBuildPhase;
			buildActionMask = 2147483647;
			files = (
				9A4B177A2ADA3FE20018D142 /* OptionAddPhotoPopup.swift in Sources */,
				4F21D2F62ADA3AE8006D4517 /* ImageViewLargeCollectionViewCell.swift in Sources */,
				9A4B17802ADA5C750018D142 /* TableView + Extension.swift in Sources */,
				9AD25D722AD84A4F00AE6199 /* ViewController.swift in Sources */,
				9AD25D6E2AD84A4F00AE6199 /* AppDelegate.swift in Sources */,
				9A4B17782ADA3FE20018D142 /* LibPhotoCollectionViewCell.swift in Sources */,
				9AD25D702AD84A4F00AE6199 /* SceneDelegate.swift in Sources */,
				4F21D2F22ADA3A3A006D4517 /* DetailImageViewController.swift in Sources */,
				9AD25D702AD84A4F00AE6199 /* SceneDelegate.swift in Sources */,
				4F21D2FA2ADA46D5006D4517 /* ImageViewSmallCollectionViewCell.swift in Sources */,
				9A4B177F2ADA5C750018D142 /* UIColor + Extension.swift in Sources */,
			);
			runOnlyForDeploymentPostprocessing = 0;
		};
/* End PBXSourcesBuildPhase section */

/* Begin PBXVariantGroup section */
		9AD25D732AD84A4F00AE6199 /* Main.storyboard */ = {
			isa = PBXVariantGroup;
			children = (
				9AD25D742AD84A4F00AE6199 /* Base */,
			);
			name = Main.storyboard;
			sourceTree = "<group>";
		};
		9AD25D782AD84A5100AE6199 /* LaunchScreen.storyboard */ = {
			isa = PBXVariantGroup;
			children = (
				9AD25D792AD84A5100AE6199 /* Base */,
			);
			name = LaunchScreen.storyboard;
			sourceTree = "<group>";
		};
/* End PBXVariantGroup section */

/* Begin XCBuildConfiguration section */
		9AD25D922AD84A5100AE6199 /* Debug */ = {
			isa = XCBuildConfiguration;
			buildSettings = {
				ALWAYS_SEARCH_USER_PATHS = NO;
				CLANG_ANALYZER_NONNULL = YES;
				CLANG_ANALYZER_NUMBER_OBJECT_CONVERSION = YES_AGGRESSIVE;
				CLANG_CXX_LANGUAGE_STANDARD = "gnu++20";
				CLANG_ENABLE_MODULES = YES;
				CLANG_ENABLE_OBJC_ARC = YES;
				CLANG_ENABLE_OBJC_WEAK = YES;
				CLANG_WARN_BLOCK_CAPTURE_AUTORELEASING = YES;
				CLANG_WARN_BOOL_CONVERSION = YES;
				CLANG_WARN_COMMA = YES;
				CLANG_WARN_CONSTANT_CONVERSION = YES;
				CLANG_WARN_DEPRECATED_OBJC_IMPLEMENTATIONS = YES;
				CLANG_WARN_DIRECT_OBJC_ISA_USAGE = YES_ERROR;
				CLANG_WARN_DOCUMENTATION_COMMENTS = YES;
				CLANG_WARN_EMPTY_BODY = YES;
				CLANG_WARN_ENUM_CONVERSION = YES;
				CLANG_WARN_INFINITE_RECURSION = YES;
				CLANG_WARN_INT_CONVERSION = YES;
				CLANG_WARN_NON_LITERAL_NULL_CONVERSION = YES;
				CLANG_WARN_OBJC_IMPLICIT_RETAIN_SELF = YES;
				CLANG_WARN_OBJC_LITERAL_CONVERSION = YES;
				CLANG_WARN_OBJC_ROOT_CLASS = YES_ERROR;
				CLANG_WARN_QUOTED_INCLUDE_IN_FRAMEWORK_HEADER = YES;
				CLANG_WARN_RANGE_LOOP_ANALYSIS = YES;
				CLANG_WARN_STRICT_PROTOTYPES = YES;
				CLANG_WARN_SUSPICIOUS_MOVE = YES;
				CLANG_WARN_UNGUARDED_AVAILABILITY = YES_AGGRESSIVE;
				CLANG_WARN_UNREACHABLE_CODE = YES;
				CLANG_WARN__DUPLICATE_METHOD_MATCH = YES;
				COPY_PHASE_STRIP = NO;
				DEBUG_INFORMATION_FORMAT = dwarf;
				ENABLE_STRICT_OBJC_MSGSEND = YES;
				ENABLE_TESTABILITY = YES;
				GCC_C_LANGUAGE_STANDARD = gnu11;
				GCC_DYNAMIC_NO_PIC = NO;
				GCC_NO_COMMON_BLOCKS = YES;
				GCC_OPTIMIZATION_LEVEL = 0;
				GCC_PREPROCESSOR_DEFINITIONS = (
					"DEBUG=1",
					"$(inherited)",
				);
				GCC_WARN_64_TO_32_BIT_CONVERSION = YES;
				GCC_WARN_ABOUT_RETURN_TYPE = YES_ERROR;
				GCC_WARN_UNDECLARED_SELECTOR = YES;
				GCC_WARN_UNINITIALIZED_AUTOS = YES_AGGRESSIVE;
				GCC_WARN_UNUSED_FUNCTION = YES;
				GCC_WARN_UNUSED_VARIABLE = YES;
				IPHONEOS_DEPLOYMENT_TARGET = 16.4;
				MTL_ENABLE_DEBUG_INFO = INCLUDE_SOURCE;
				MTL_FAST_MATH = YES;
				ONLY_ACTIVE_ARCH = YES;
				SDKROOT = iphoneos;
				SWIFT_ACTIVE_COMPILATION_CONDITIONS = DEBUG;
				SWIFT_OPTIMIZATION_LEVEL = "-Onone";
			};
			name = Debug;
		};
		9AD25D932AD84A5100AE6199 /* Release */ = {
			isa = XCBuildConfiguration;
			buildSettings = {
				ALWAYS_SEARCH_USER_PATHS = NO;
				CLANG_ANALYZER_NONNULL = YES;
				CLANG_ANALYZER_NUMBER_OBJECT_CONVERSION = YES_AGGRESSIVE;
				CLANG_CXX_LANGUAGE_STANDARD = "gnu++20";
				CLANG_ENABLE_MODULES = YES;
				CLANG_ENABLE_OBJC_ARC = YES;
				CLANG_ENABLE_OBJC_WEAK = YES;
				CLANG_WARN_BLOCK_CAPTURE_AUTORELEASING = YES;
				CLANG_WARN_BOOL_CONVERSION = YES;
				CLANG_WARN_COMMA = YES;
				CLANG_WARN_CONSTANT_CONVERSION = YES;
				CLANG_WARN_DEPRECATED_OBJC_IMPLEMENTATIONS = YES;
				CLANG_WARN_DIRECT_OBJC_ISA_USAGE = YES_ERROR;
				CLANG_WARN_DOCUMENTATION_COMMENTS = YES;
				CLANG_WARN_EMPTY_BODY = YES;
				CLANG_WARN_ENUM_CONVERSION = YES;
				CLANG_WARN_INFINITE_RECURSION = YES;
				CLANG_WARN_INT_CONVERSION = YES;
				CLANG_WARN_NON_LITERAL_NULL_CONVERSION = YES;
				CLANG_WARN_OBJC_IMPLICIT_RETAIN_SELF = YES;
				CLANG_WARN_OBJC_LITERAL_CONVERSION = YES;
				CLANG_WARN_OBJC_ROOT_CLASS = YES_ERROR;
				CLANG_WARN_QUOTED_INCLUDE_IN_FRAMEWORK_HEADER = YES;
				CLANG_WARN_RANGE_LOOP_ANALYSIS = YES;
				CLANG_WARN_STRICT_PROTOTYPES = YES;
				CLANG_WARN_SUSPICIOUS_MOVE = YES;
				CLANG_WARN_UNGUARDED_AVAILABILITY = YES_AGGRESSIVE;
				CLANG_WARN_UNREACHABLE_CODE = YES;
				CLANG_WARN__DUPLICATE_METHOD_MATCH = YES;
				COPY_PHASE_STRIP = NO;
				DEBUG_INFORMATION_FORMAT = "dwarf-with-dsym";
				ENABLE_NS_ASSERTIONS = NO;
				ENABLE_STRICT_OBJC_MSGSEND = YES;
				GCC_C_LANGUAGE_STANDARD = gnu11;
				GCC_NO_COMMON_BLOCKS = YES;
				GCC_WARN_64_TO_32_BIT_CONVERSION = YES;
				GCC_WARN_ABOUT_RETURN_TYPE = YES_ERROR;
				GCC_WARN_UNDECLARED_SELECTOR = YES;
				GCC_WARN_UNINITIALIZED_AUTOS = YES_AGGRESSIVE;
				GCC_WARN_UNUSED_FUNCTION = YES;
				GCC_WARN_UNUSED_VARIABLE = YES;
				IPHONEOS_DEPLOYMENT_TARGET = 16.4;
				MTL_ENABLE_DEBUG_INFO = NO;
				MTL_FAST_MATH = YES;
				SDKROOT = iphoneos;
				SWIFT_COMPILATION_MODE = wholemodule;
				SWIFT_OPTIMIZATION_LEVEL = "-O";
				VALIDATE_PRODUCT = YES;
			};
			name = Release;
		};
		9AD25D952AD84A5100AE6199 /* Debug */ = {
			isa = XCBuildConfiguration;
			buildSettings = {
				ASSETCATALOG_COMPILER_APPICON_NAME = AppIcon;
				ASSETCATALOG_COMPILER_GLOBAL_ACCENT_COLOR_NAME = AccentColor;
				CODE_SIGN_STYLE = Automatic;
				CURRENT_PROJECT_VERSION = 1;
				DEVELOPMENT_TEAM = QVEQ57W733;
				GENERATE_INFOPLIST_FILE = YES;
				INFOPLIST_FILE = HackathonVnpay/Info.plist;
				INFOPLIST_KEY_UIApplicationSupportsIndirectInputEvents = YES;
				INFOPLIST_KEY_UILaunchStoryboardName = LaunchScreen;
				INFOPLIST_KEY_UIMainStoryboardFile = Main;
				INFOPLIST_KEY_UISupportedInterfaceOrientations_iPad = "UIInterfaceOrientationPortrait UIInterfaceOrientationPortraitUpsideDown UIInterfaceOrientationLandscapeLeft UIInterfaceOrientationLandscapeRight";
				INFOPLIST_KEY_UISupportedInterfaceOrientations_iPhone = "UIInterfaceOrientationPortrait UIInterfaceOrientationLandscapeLeft UIInterfaceOrientationLandscapeRight";
				IPHONEOS_DEPLOYMENT_TARGET = 13.0;
				LD_RUNPATH_SEARCH_PATHS = (
					"$(inherited)",
					"@executable_path/Frameworks",
				);
				MARKETING_VERSION = 1.0;
				PRODUCT_BUNDLE_IDENTIFIER = com.vnpay.HackathonVnpayD;
				PRODUCT_NAME = "$(TARGET_NAME)";
				SUPPORTED_PLATFORMS = "iphoneos iphonesimulator";
				SUPPORTS_MACCATALYST = NO;
				SUPPORTS_MAC_DESIGNED_FOR_IPHONE_IPAD = NO;
				SWIFT_EMIT_LOC_STRINGS = YES;
				SWIFT_VERSION = 5.0;
				TARGETED_DEVICE_FAMILY = 1;
			};
			name = Debug;
		};
		9AD25D962AD84A5100AE6199 /* Release */ = {
			isa = XCBuildConfiguration;
			buildSettings = {
				ASSETCATALOG_COMPILER_APPICON_NAME = AppIcon;
				ASSETCATALOG_COMPILER_GLOBAL_ACCENT_COLOR_NAME = AccentColor;
				CODE_SIGN_STYLE = Automatic;
				CURRENT_PROJECT_VERSION = 1;
				DEVELOPMENT_TEAM = QVEQ57W733;
				GENERATE_INFOPLIST_FILE = YES;
				INFOPLIST_FILE = HackathonVnpay/Info.plist;
				INFOPLIST_KEY_UIApplicationSupportsIndirectInputEvents = YES;
				INFOPLIST_KEY_UILaunchStoryboardName = LaunchScreen;
				INFOPLIST_KEY_UIMainStoryboardFile = Main;
				INFOPLIST_KEY_UISupportedInterfaceOrientations_iPad = "UIInterfaceOrientationPortrait UIInterfaceOrientationPortraitUpsideDown UIInterfaceOrientationLandscapeLeft UIInterfaceOrientationLandscapeRight";
				INFOPLIST_KEY_UISupportedInterfaceOrientations_iPhone = "UIInterfaceOrientationPortrait UIInterfaceOrientationLandscapeLeft UIInterfaceOrientationLandscapeRight";
				IPHONEOS_DEPLOYMENT_TARGET = 13.0;
				LD_RUNPATH_SEARCH_PATHS = (
					"$(inherited)",
					"@executable_path/Frameworks",
				);
				MARKETING_VERSION = 1.0;
				PRODUCT_BUNDLE_IDENTIFIER = com.vnpay.HackathonVnpayD;
				PRODUCT_NAME = "$(TARGET_NAME)";
				SUPPORTED_PLATFORMS = "iphoneos iphonesimulator";
				SUPPORTS_MACCATALYST = NO;
				SUPPORTS_MAC_DESIGNED_FOR_IPHONE_IPAD = NO;
				SWIFT_EMIT_LOC_STRINGS = YES;
				SWIFT_VERSION = 5.0;
				TARGETED_DEVICE_FAMILY = 1;
			};
			name = Release;
		};
/* End XCBuildConfiguration section */

/* Begin XCConfigurationList section */
		9AD25D652AD84A4F00AE6199 /* Build configuration list for PBXProject "HackathonVnpay" */ = {
			isa = XCConfigurationList;
			buildConfigurations = (
				9AD25D922AD84A5100AE6199 /* Debug */,
				9AD25D932AD84A5100AE6199 /* Release */,
			);
			defaultConfigurationIsVisible = 0;
			defaultConfigurationName = Release;
		};
		9AD25D942AD84A5100AE6199 /* Build configuration list for PBXNativeTarget "HackathonVnpay" */ = {
			isa = XCConfigurationList;
			buildConfigurations = (
				9AD25D952AD84A5100AE6199 /* Debug */,
				9AD25D962AD84A5100AE6199 /* Release */,
			);
			defaultConfigurationIsVisible = 0;
			defaultConfigurationName = Release;
		};
/* End XCConfigurationList section */
	};
	rootObject = 9AD25D622AD84A4F00AE6199 /* Project object */;
}
